// !$*UTF8*$!
{
	archiveVersion = 1;
	classes = {
	};
	objectVersion = 46;
	objects = {

/* Begin PBXBuildFile section */
		3D6E72CB1B69367C002AFB1F /* main.m in Sources */ = {isa = PBXBuildFile; fileRef = 3D6E72CA1B69367C002AFB1F /* main.m */; };
		3D6E72CE1B69367C002AFB1F /* AppDelegate.m in Sources */ = {isa = PBXBuildFile; fileRef = 3D6E72CD1B69367C002AFB1F /* AppDelegate.m */; };
		3D6E72D11B69367C002AFB1F /* MapProject2.xcdatamodeld in Sources */ = {isa = PBXBuildFile; fileRef = 3D6E72CF1B69367C002AFB1F /* MapProject2.xcdatamodeld */; };
		3D6E72D41B69367C002AFB1F /* ViewController.m in Sources */ = {isa = PBXBuildFile; fileRef = 3D6E72D31B69367C002AFB1F /* ViewController.m */; };
		3D6E72D71B69367C002AFB1F /* Main.storyboard in Resources */ = {isa = PBXBuildFile; fileRef = 3D6E72D51B69367C002AFB1F /* Main.storyboard */; };
		3D6E72D91B69367C002AFB1F /* Images.xcassets in Resources */ = {isa = PBXBuildFile; fileRef = 3D6E72D81B69367C002AFB1F /* Images.xcassets */; };
		3D6E72DC1B69367C002AFB1F /* LaunchScreen.xib in Resources */ = {isa = PBXBuildFile; fileRef = 3D6E72DA1B69367C002AFB1F /* LaunchScreen.xib */; };
		3D6E72E81B69367C002AFB1F /* MapProject2Tests.m in Sources */ = {isa = PBXBuildFile; fileRef = 3D6E72E71B69367C002AFB1F /* MapProject2Tests.m */; };
/* End PBXBuildFile section */

/* Begin PBXContainerItemProxy section */
		3D6E72E21B69367C002AFB1F /* PBXContainerItemProxy */ = {
			isa = PBXContainerItemProxy;
			containerPortal = 3D6E72BD1B69367C002AFB1F /* Project object */;
			proxyType = 1;
			remoteGlobalIDString = 3D6E72C41B69367C002AFB1F;
			remoteInfo = MapProject2;
		};
/* End PBXContainerItemProxy section */

/* Begin PBXFileReference section */
		3D6E72C51B69367C002AFB1F /* MapProject2.app */ = {isa = PBXFileReference; explicitFileType = wrapper.application; includeInIndex = 0; path = MapProject2.app; sourceTree = BUILT_PRODUCTS_DIR; };
		3D6E72C91B69367C002AFB1F /* Info.plist */ = {isa = PBXFileReference; lastKnownFileType = text.plist.xml; path = Info.plist; sourceTree = "<group>"; };
		3D6E72CA1B69367C002AFB1F /* main.m */ = {isa = PBXFileReference; lastKnownFileType = sourcecode.c.objc; path = main.m; sourceTree = "<group>"; };
		3D6E72CC1B69367C002AFB1F /* AppDelegate.h */ = {isa = PBXFileReference; lastKnownFileType = sourcecode.c.h; path = AppDelegate.h; sourceTree = "<group>"; };
		3D6E72CD1B69367C002AFB1F /* AppDelegate.m */ = {isa = PBXFileReference; lastKnownFileType = sourcecode.c.objc; path = AppDelegate.m; sourceTree = "<group>"; };
		3D6E72D01B69367C002AFB1F /* MapProject2.xcdatamodel */ = {isa = PBXFileReference; lastKnownFileType = wrapper.xcdatamodel; path = MapProject2.xcdatamodel; sourceTree = "<group>"; };
		3D6E72D21B69367C002AFB1F /* ViewController.h */ = {isa = PBXFileReference; lastKnownFileType = sourcecode.c.h; path = ViewController.h; sourceTree = "<group>"; };
		3D6E72D31B69367C002AFB1F /* ViewController.m */ = {isa = PBXFileReference; lastKnownFileType = sourcecode.c.objc; path = ViewController.m; sourceTree = "<group>"; };
		3D6E72D61B69367C002AFB1F /* Base */ = {isa = PBXFileReference; lastKnownFileType = file.storyboard; name = Base; path = Base.lproj/Main.storyboard; sourceTree = "<group>"; };
		3D6E72D81B69367C002AFB1F /* Images.xcassets */ = {isa = PBXFileReference; lastKnownFileType = folder.assetcatalog; path = Images.xcassets; sourceTree = "<group>"; };
		3D6E72DB1B69367C002AFB1F /* Base */ = {isa = PBXFileReference; lastKnownFileType = file.xib; name = Base; path = Base.lproj/LaunchScreen.xib; sourceTree = "<group>"; };
		3D6E72E11B69367C002AFB1F /* MapProject2Tests.xctest */ = {isa = PBXFileReference; explicitFileType = wrapper.cfbundle; includeInIndex = 0; path = MapProject2Tests.xctest; sourceTree = BUILT_PRODUCTS_DIR; };
		3D6E72E61B69367C002AFB1F /* Info.plist */ = {isa = PBXFileReference; lastKnownFileType = text.plist.xml; path = Info.plist; sourceTree = "<group>"; };
		3D6E72E71B69367C002AFB1F /* MapProject2Tests.m */ = {isa = PBXFileReference; lastKnownFileType = sourcecode.c.objc; path = MapProject2Tests.m; sourceTree = "<group>"; };
/* End PBXFileReference section */

/* Begin PBXFrameworksBuildPhase section */
		3D6E72C21B69367C002AFB1F /* Frameworks */ = {
			isa = PBXFrameworksBuildPhase;
			buildActionMask = 2147483647;
			files = (
			);
			runOnlyForDeploymentPostprocessing = 0;
		};
		3D6E72DE1B69367C002AFB1F /* Frameworks */ = {
			isa = PBXFrameworksBuildPhase;
			buildActionMask = 2147483647;
			files = (
			);
			runOnlyForDeploymentPostprocessing = 0;
		};
/* End PBXFrameworksBuildPhase section */

/* Begin PBXGroup section */
		3D6E72BC1B69367C002AFB1F = {
			isa = PBXGroup;
			children = (
				3D6E72C71B69367C002AFB1F /* MapProject2 */,
				3D6E72E41B69367C002AFB1F /* MapProject2Tests */,
				3D6E72C61B69367C002AFB1F /* Products */,
			);
			sourceTree = "<group>";
		};
		3D6E72C61B69367C002AFB1F /* Products */ = {
			isa = PBXGroup;
			children = (
				3D6E72C51B69367C002AFB1F /* MapProject2.app */,
				3D6E72E11B69367C002AFB1F /* MapProject2Tests.xctest */,
			);
			name = Products;
			sourceTree = "<group>";
		};
		3D6E72C71B69367C002AFB1F /* MapProject2 */ = {
			isa = PBXGroup;
			children = (
				3D6E72CC1B69367C002AFB1F /* AppDelegate.h */,
				3D6E72CD1B69367C002AFB1F /* AppDelegate.m */,
				3D6E72D21B69367C002AFB1F /* ViewController.h */,
				3D6E72D31B69367C002AFB1F /* ViewController.m */,
				3D6E72D51B69367C002AFB1F /* Main.storyboard */,
				3D6E72D81B69367C002AFB1F /* Images.xcassets */,
				3D6E72DA1B69367C002AFB1F /* LaunchScreen.xib */,
				3D6E72CF1B69367C002AFB1F /* MapProject2.xcdatamodeld */,
				3D6E72C81B69367C002AFB1F /* Supporting Files */,
			);
			path = MapProject2;
			sourceTree = "<group>";
		};
		3D6E72C81B69367C002AFB1F /* Supporting Files */ = {
			isa = PBXGroup;
			children = (
				3D6E72C91B69367C002AFB1F /* Info.plist */,
				3D6E72CA1B69367C002AFB1F /* main.m */,
			);
			name = "Supporting Files";
			sourceTree = "<group>";
		};
		3D6E72E41B69367C002AFB1F /* MapProject2Tests */ = {
			isa = PBXGroup;
			children = (
				3D6E72E71B69367C002AFB1F /* MapProject2Tests.m */,
				3D6E72E51B69367C002AFB1F /* Supporting Files */,
			);
			path = MapProject2Tests;
			sourceTree = "<group>";
		};
		3D6E72E51B69367C002AFB1F /* Supporting Files */ = {
			isa = PBXGroup;
			children = (
				3D6E72E61B69367C002AFB1F /* Info.plist */,
			);
			name = "Supporting Files";
			sourceTree = "<group>";
		};
/* End PBXGroup section */

/* Begin PBXNativeTarget section */
		3D6E72C41B69367C002AFB1F /* MapProject2 */ = {
			isa = PBXNativeTarget;
			buildConfigurationList = 3D6E72EB1B69367C002AFB1F /* Build configuration list for PBXNativeTarget "MapProject2" */;
			buildPhases = (
				3D6E72C11B69367C002AFB1F /* Sources */,
				3D6E72C21B69367C002AFB1F /* Frameworks */,
				3D6E72C31B69367C002AFB1F /* Resources */,
			);
			buildRules = (
			);
			dependencies = (
			);
			name = MapProject2;
			productName = MapProject2;
			productReference = 3D6E72C51B69367C002AFB1F /* MapProject2.app */;
			productType = "com.apple.product-type.application";
		};
		3D6E72E01B69367C002AFB1F /* MapProject2Tests */ = {
			isa = PBXNativeTarget;
			buildConfigurationList = 3D6E72EE1B69367C002AFB1F /* Build configuration list for PBXNativeTarget "MapProject2Tests" */;
			buildPhases = (
				3D6E72DD1B69367C002AFB1F /* Sources */,
				3D6E72DE1B69367C002AFB1F /* Frameworks */,
				3D6E72DF1B69367C002AFB1F /* Resources */,
			);
			buildRules = (
			);
			dependencies = (
				3D6E72E31B69367C002AFB1F /* PBXTargetDependency */,
			);
			name = MapProject2Tests;
			productName = MapProject2Tests;
			productReference = 3D6E72E11B69367C002AFB1F /* MapProject2Tests.xctest */;
			productType = "com.apple.product-type.bundle.unit-test";
		};
/* End PBXNativeTarget section */

/* Begin PBXProject section */
		3D6E72BD1B69367C002AFB1F /* Project object */ = {
			isa = PBXProject;
			attributes = {
				LastUpgradeCheck = 0640;
				ORGANIZATIONNAME = "Cynthia Whitlatch";
				TargetAttributes = {
					3D6E72C41B69367C002AFB1F = {
						CreatedOnToolsVersion = 6.4;
					};
					3D6E72E01B69367C002AFB1F = {
						CreatedOnToolsVersion = 6.4;
						TestTargetID = 3D6E72C41B69367C002AFB1F;
					};
				};
			};
			buildConfigurationList = 3D6E72C01B69367C002AFB1F /* Build configuration list for PBXProject "MapProject2" */;
			compatibilityVersion = "Xcode 3.2";
			developmentRegion = English;
			hasScannedForEncodings = 0;
			knownRegions = (
				en,
				Base,
			);
			mainGroup = 3D6E72BC1B69367C002AFB1F;
			productRefGroup = 3D6E72C61B69367C002AFB1F /* Products */;
			projectDirPath = "";
			projectRoot = "";
			targets = (
				3D6E72C41B69367C002AFB1F /* MapProject2 */,
				3D6E72E01B69367C002AFB1F /* MapProject2Tests */,
			);
		};
/* End PBXProject section */

/* Begin PBXResourcesBuildPhase section */
		3D6E72C31B69367C002AFB1F /* Resources */ = {
			isa = PBXResourcesBuildPhase;
			buildActionMask = 2147483647;
			files = (
				3D6E72D71B69367C002AFB1F /* Main.storyboard in Resources */,
				3D6E72DC1B69367C002AFB1F /* LaunchScreen.xib in Resources */,
				3D6E72D91B69367C002AFB1F /* Images.xcassets in Resources */,
			);
			runOnlyForDeploymentPostprocessing = 0;
		};
		3D6E72DF1B69367C002AFB1F /* Resources */ = {
			isa = PBXResourcesBuildPhase;
			buildActionMask = 2147483647;
			files = (
			);
			runOnlyForDeploymentPostprocessing = 0;
		};
/* End PBXResourcesBuildPhase section */

/* Begin PBXSourcesBuildPhase section */
		3D6E72C11B69367C002AFB1F /* Sources */ = {
			isa = PBXSourcesBuildPhase;
			buildActionMask = 2147483647;
			files = (
				3D6E72CE1B69367C002AFB1F /* AppDelegate.m in Sources */,
				3D6E72CB1B69367C002AFB1F /* main.m in Sources */,
				3D6E72D41B69367C002AFB1F /* ViewController.m in Sources */,
				3D6E72D11B69367C002AFB1F /* MapProject2.xcdatamodeld in Sources */,
			);
			runOnlyForDeploymentPostprocessing = 0;
		};
		3D6E72DD1B69367C002AFB1F /* Sources */ = {
			isa = PBXSourcesBuildPhase;
			buildActionMask = 2147483647;
			files = (
				3D6E72E81B69367C002AFB1F /* MapProject2Tests.m in Sources */,
			);
			runOnlyForDeploymentPostprocessing = 0;
		};
/* End PBXSourcesBuildPhase section */

/* Begin PBXTargetDependency section */
		3D6E72E31B69367C002AFB1F /* PBXTargetDependency */ = {
			isa = PBXTargetDependency;
			target = 3D6E72C41B69367C002AFB1F /* MapProject2 */;
			targetProxy = 3D6E72E21B69367C002AFB1F /* PBXContainerItemProxy */;
		};
/* End PBXTargetDependency section */

/* Begin PBXVariantGroup section */
		3D6E72D51B69367C002AFB1F /* Main.storyboard */ = {
			isa = PBXVariantGroup;
			children = (
				3D6E72D61B69367C002AFB1F /* Base */,
			);
			name = Main.storyboard;
			sourceTree = "<group>";
		};
		3D6E72DA1B69367C002AFB1F /* LaunchScreen.xib */ = {
			isa = PBXVariantGroup;
			children = (
				3D6E72DB1B69367C002AFB1F /* Base */,
			);
			name = LaunchScreen.xib;
			sourceTree = "<group>";
		};
/* End PBXVariantGroup section */

/* Begin XCBuildConfiguration section */
		3D6E72E91B69367C002AFB1F /* Debug */ = {
			isa = XCBuildConfiguration;
			buildSettings = {
				ALWAYS_SEARCH_USER_PATHS = NO;
				CLANG_CXX_LANGUAGE_STANDARD = "gnu++0x";
				CLANG_CXX_LIBRARY = "libc++";
				CLANG_ENABLE_MODULES = YES;
				CLANG_ENABLE_OBJC_ARC = YES;
				CLANG_WARN_BOOL_CONVERSION = YES;
				CLANG_WARN_CONSTANT_CONVERSION = YES;
				CLANG_WARN_DIRECT_OBJC_ISA_USAGE = YES_ERROR;
				CLANG_WARN_EMPTY_BODY = YES;
				CLANG_WARN_ENUM_CONVERSION = YES;
				CLANG_WARN_INT_CONVERSION = YES;
				CLANG_WARN_OBJC_ROOT_CLASS = YES_ERROR;
				CLANG_WARN_UNREACHABLE_CODE = YES;
				CLANG_WARN__DUPLICATE_METHOD_MATCH = YES;
				"CODE_SIGN_IDENTITY[sdk=iphoneos*]" = "iPhone Developer";
				COPY_PHASE_STRIP = NO;
				DEBUG_INFORMATION_FORMAT = "dwarf-with-dsym";
				ENABLE_STRICT_OBJC_MSGSEND = YES;
				GCC_C_LANGUAGE_STANDARD = gnu99;
				GCC_DYNAMIC_NO_PIC = NO;
				GCC_NO_COMMON_BLOCKS = YES;
				GCC_OPTIMIZATION_LEVEL = 0;
				GCC_PREPROCESSOR_DEFINITIONS = (
					"DEBUG=1",
					"$(inherited)",
				);
				GCC_SYMBOLS_PRIVATE_EXTERN = NO;
				GCC_WARN_64_TO_32_BIT_CONVERSION = YES;
				GCC_WARN_ABOUT_RETURN_TYPE = YES_ERROR;
				GCC_WARN_UNDECLARED_SELECTOR = YES;
				GCC_WARN_UNINITIALIZED_AUTOS = YES_AGGRESSIVE;
				GCC_WARN_UNUSED_FUNCTION = YES;
				GCC_WARN_UNUSED_VARIABLE = YES;
				IPHONEOS_DEPLOYMENT_TARGET = 8.4;
				MTL_ENABLE_DEBUG_INFO = YES;
				ONLY_ACTIVE_ARCH = YES;
				SDKROOT = iphoneos;
				TARGETED_DEVICE_FAMILY = "1,2";
			};
			name = Debug;
		};
		3D6E72EA1B69367C002AFB1F /* Release */ = {
			isa = XCBuildConfiguration;
			buildSettings = {
				ALWAYS_SEARCH_USER_PATHS = NO;
				CLANG_CXX_LANGUAGE_STANDARD = "gnu++0x";
				CLANG_CXX_LIBRARY = "libc++";
				CLANG_ENABLE_MODULES = YES;
				CLANG_ENABLE_OBJC_ARC = YES;
				CLANG_WARN_BOOL_CONVERSION = YES;
				CLANG_WARN_CONSTANT_CONVERSION = YES;
				CLANG_WARN_DIRECT_OBJC_ISA_USAGE = YES_ERROR;
				CLANG_WARN_EMPTY_BODY = YES;
				CLANG_WARN_ENUM_CONVERSION = YES;
				CLANG_WARN_INT_CONVERSION = YES;
				CLANG_WARN_OBJC_ROOT_CLASS = YES_ERROR;
				CLANG_WARN_UNREACHABLE_CODE = YES;
				CLANG_WARN__DUPLICATE_METHOD_MATCH = YES;
				"CODE_SIGN_IDENTITY[sdk=iphoneos*]" = "iPhone Developer";
				COPY_PHASE_STRIP = NO;
				DEBUG_INFORMATION_FORMAT = "dwarf-with-dsym";
				ENABLE_NS_ASSERTIONS = NO;
				ENABLE_STRICT_OBJC_MSGSEND = YES;
				GCC_C_LANGUAGE_STANDARD = gnu99;
				GCC_NO_COMMON_BLOCKS = YES;
				GCC_WARN_64_TO_32_BIT_CONVERSION = YES;
				GCC_WARN_ABOUT_RETURN_TYPE = YES_ERROR;
				GCC_WARN_UNDECLARED_SELECTOR = YES;
				GCC_WARN_UNINITIALIZED_AUTOS = YES_AGGRESSIVE;
				GCC_WARN_UNUSED_FUNCTION = YES;
				GCC_WARN_UNUSED_VARIABLE = YES;
				IPHONEOS_DEPLOYMENT_TARGET = 8.4;
				MTL_ENABLE_DEBUG_INFO = NO;
				SDKROOT = iphoneos;
				TARGETED_DEVICE_FAMILY = "1,2";
				VALIDATE_PRODUCT = YES;
			};
			name = Release;
		};
		3D6E72EC1B69367C002AFB1F /* Debug */ = {
			isa = XCBuildConfiguration;
			buildSettings = {
				ASSETCATALOG_COMPILER_APPICON_NAME = AppIcon;
				INFOPLIST_FILE = MapProject2/Info.plist;
				LD_RUNPATH_SEARCH_PATHS = "$(inherited) @executable_path/Frameworks";
				PRODUCT_NAME = "$(TARGET_NAME)";
			};
			name = Debug;
		};
		3D6E72ED1B69367C002AFB1F /* Release */ = {
			isa = XCBuildConfiguration;
			buildSettings = {
				ASSETCATALOG_COMPILER_APPICON_NAME = AppIcon;
				INFOPLIST_FILE = MapProject2/Info.plist;
				LD_RUNPATH_SEARCH_PATHS = "$(inherited) @executable_path/Frameworks";
				PRODUCT_NAME = "$(TARGET_NAME)";
			};
			name = Release;
		};
		3D6E72EF1B69367C002AFB1F /* Debug */ = {
			isa = XCBuildConfiguration;
			buildSettings = {
				BUNDLE_LOADER = "$(TEST_HOST)";
				FRAMEWORK_SEARCH_PATHS = (
					"$(SDKROOT)/Developer/Library/Frameworks",
					"$(inherited)",
				);
				GCC_PREPROCESSOR_DEFINITIONS = (
					"DEBUG=1",
					"$(inherited)",
				);
				INFOPLIST_FILE = MapProject2Tests/Info.plist;
				LD_RUNPATH_SEARCH_PATHS = "$(inherited) @executable_path/Frameworks @loader_path/Frameworks";
				PRODUCT_NAME = "$(TARGET_NAME)";
				TEST_HOST = "$(BUILT_PRODUCTS_DIR)/MapProject2.app/MapProject2";
			};
			name = Debug;
		};
		3D6E72F01B69367C002AFB1F /* Release */ = {
			isa = XCBuildConfiguration;
			buildSettings = {
				BUNDLE_LOADER = "$(TEST_HOST)";
				FRAMEWORK_SEARCH_PATHS = (
					"$(SDKROOT)/Developer/Library/Frameworks",
					"$(inherited)",
				);
				INFOPLIST_FILE = MapProject2Tests/Info.plist;
				LD_RUNPATH_SEARCH_PATHS = "$(inherited) @executable_path/Frameworks @loader_path/Frameworks";
				PRODUCT_NAME = "$(TARGET_NAME)";
				TEST_HOST = "$(BUILT_PRODUCTS_DIR)/MapProject2.app/MapProject2";
			};
			name = Release;
		};
/* End XCBuildConfiguration section */

/* Begin XCConfigurationList section */
		3D6E72C01B69367C002AFB1F /* Build configuration list for PBXProject "MapProject2" */ = {
			isa = XCConfigurationList;
			buildConfigurations = (
				3D6E72E91B69367C002AFB1F /* Debug */,
				3D6E72EA1B69367C002AFB1F /* Release */,
			);
			defaultConfigurationIsVisible = 0;
			defaultConfigurationName = Release;
		};
		3D6E72EB1B69367C002AFB1F /* Build configuration list for PBXNativeTarget "MapProject2" */ = {
			isa = XCConfigurationList;
			buildConfigurations = (
				3D6E72EC1B69367C002AFB1F /* Debug */,
				3D6E72ED1B69367C002AFB1F /* Release */,
			);
			defaultConfigurationIsVisible = 0;
		};
		3D6E72EE1B69367C002AFB1F /* Build configuration list for PBXNativeTarget "MapProject2Tests" */ = {
			isa = XCConfigurationList;
			buildConfigurations = (
				3D6E72EF1B69367C002AFB1F /* Debug */,
				3D6E72F01B69367C002AFB1F /* Release */,
			);
			defaultConfigurationIsVisible = 0;
		};
/* End XCConfigurationList section */

/* Begin XCVersionGroup section */
		3D6E72CF1B69367C002AFB1F /* MapProject2.xcdatamodeld */ = {
			isa = XCVersionGroup;
			children = (
				3D6E72D01B69367C002AFB1F /* MapProject2.xcdatamodel */,
			);
			currentVersion = 3D6E72D01B69367C002AFB1F /* MapProject2.xcdatamodel */;
			path = MapProject2.xcdatamodeld;
			sourceTree = "<group>";
			versionGroupType = wrapper.xcdatamodel;
		};
/* End XCVersionGroup section */
	};
	rootObject = 3D6E72BD1B69367C002AFB1F /* Project object */;
}
